
Microsoft Visual Studio Solution File, Format Version 12.00
Project("{FAE04EC0-301F-11D3-BF4B-00C04F79EFBC}") = "Enma.Auth.Api", "services\auth\src\Enma.Auth.Api\Enma.Auth.Api.csproj", "{660470B1-ED67-4A17-8F6B-C073FA2F300F}"
EndProject
Project("{2150E333-8FDC-42A3-9474-1A3956D46DE8}") = "services", "services", "{8DC217B0-CBCE-4CA9-8A9A-DB7DE1F7DD00}"
EndProject
Project("{FAE04EC0-301F-11D3-BF4B-00C04F79EFBC}") = "Enma.Analytics.Api", "services\analytics\src\Enma.Analytics.Api\Enma.Analytics.Api.csproj", "{4B82B46C-4694-4F5F-81AD-01BA2E5D6914}"
EndProject
Project("{2150E333-8FDC-42A3-9474-1A3956D46DE8}") = "analytics", "analytics", "{CC39ADDE-6F94-4BA6-AE15-1757ACADB5B0}"
EndProject
Project("{2150E333-8FDC-42A3-9474-1A3956D46DE8}") = "auth", "auth", "{E9B3A986-FCC2-405A-A573-7E714FD46853}"
EndProject
Project("{2150E333-8FDC-42A3-9474-1A3956D46DE8}") = "api-gateway", "api-gateway", "{FDB3E743-D854-47C7-B06F-F87A21385F49}"
EndProject
Project("{FAE04EC0-301F-11D3-BF4B-00C04F79EFBC}") = "Enma.ApiGateway.Api", "services\api-gateway\src\Enma.ApiGateway.Api\Enma.ApiGateway.Api.csproj", "{F71F7B87-61D9-47E7-A149-A70E19246F19}"
EndProject
Project("{2150E333-8FDC-42A3-9474-1A3956D46DE8}") = "ingest", "ingest", "{4AA0FE67-55EB-4DA5-B2CF-0288A8142170}"
EndProject
Project("{FAE04EC0-301F-11D3-BF4B-00C04F79EFBC}") = "Enma.Ingest.Api", "services\ingest\src\Enma.Ingest.Api\Enma.Ingest.Api.csproj", "{BB96F584-19E3-425C-A7CF-AF5B4C63A420}"
EndProject
Project("{2150E333-8FDC-42A3-9474-1A3956D46DE8}") = "admin", "admin", "{CCDCED60-1450-4CE1-AA05-15B80DBA089A}"
EndProject
Project("{FAE04EC0-301F-11D3-BF4B-00C04F79EFBC}") = "Enma.Admin.Api", "services\admin\src\Enma.Admin.Api\Enma.Admin.Api.csproj", "{C2AE564D-F748-4C5C-9361-0CD38C9C8B37}"
EndProject
Project("{2150E333-8FDC-42A3-9474-1A3956D46DE8}") = "bucket-builder", "bucket-builder", "{6CC12BFC-E76F-4E09-AFF2-FAE0FC9C6B16}"
EndProject
Project("{FAE04EC0-301F-11D3-BF4B-00C04F79EFBC}") = "Enma.BucketBuilder.Worker", "services\bucket-builder\src\Enma.BucketBuilder.Worker\Enma.BucketBuilder.Worker.csproj", "{5DA6F2EA-7293-49E1-B021-76499776BF23}"
EndProject
Project("{2150E333-8FDC-42A3-9474-1A3956D46DE8}") = "event-processor", "event-processor", "{AA82AC43-2F63-4B87-9DB9-24FCFEAFB669}"
EndProject
Project("{FAE04EC0-301F-11D3-BF4B-00C04F79EFBC}") = "Enma.EventProcessor.Worker", "services\event-processor\src\Enma.EventProcessor.Worker\Enma.EventProcessor.Worker.csproj", "{1F7685E9-A687-46ED-87CC-CBE1F55B8FB4}"
EndProject
Project("{2150E333-8FDC-42A3-9474-1A3956D46DE8}") = "shared", "shared", "{9944CECE-7222-4BAE-9E1B-DB87B8B3B44C}"
EndProject
Project("{2150E333-8FDC-42A3-9474-1A3956D46DE8}") = "tools", "tools", "{241794AA-7309-4F03-8811-23D08BCD09FB}"
EndProject
Project("{2150E333-8FDC-42A3-9474-1A3956D46DE8}") = "src", "src", "{222FE3D1-FBA7-444F-91DB-103A9BA7DFF0}"
EndProject
Project("{2150E333-8FDC-42A3-9474-1A3956D46DE8}") = "tests", "tests", "{6CDBD3EF-861D-4005-8A9E-C8552B57F679}"
EndProject
Project("{2150E333-8FDC-42A3-9474-1A3956D46DE8}") = "src", "src", "{3EE4E20C-746B-4578-873E-978669F34AD9}"
EndProject
Project("{2150E333-8FDC-42A3-9474-1A3956D46DE8}") = "tests", "tests", "{A0105131-F66F-438E-B467-88062E90B15C}"
EndProject
Project("{2150E333-8FDC-42A3-9474-1A3956D46DE8}") = "src", "src", "{93187F8B-8804-4FD0-AE61-B9ACA16C5E7E}"
EndProject
Project("{2150E333-8FDC-42A3-9474-1A3956D46DE8}") = "tests", "tests", "{30B08205-CCD5-46ED-85B2-F601668D2B17}"
EndProject
Project("{2150E333-8FDC-42A3-9474-1A3956D46DE8}") = "src", "src", "{2ACD2978-8C2C-4DA1-8BB6-200380C68218}"
EndProject
Project("{2150E333-8FDC-42A3-9474-1A3956D46DE8}") = "tests", "tests", "{77E244C0-A0D9-43EE-BA8E-17B18AA2D542}"
EndProject
Project("{2150E333-8FDC-42A3-9474-1A3956D46DE8}") = "src", "src", "{F4848252-C293-41A6-9848-1D48A8CC9D37}"
EndProject
Project("{2150E333-8FDC-42A3-9474-1A3956D46DE8}") = "tests", "tests", "{A2780F49-D2A7-4DCD-A969-C9A1F3A948CE}"
EndProject
Project("{2150E333-8FDC-42A3-9474-1A3956D46DE8}") = "src", "src", "{6502BCB5-65FD-4C6C-9DBE-C616D5162D2F}"
EndProject
Project("{2150E333-8FDC-42A3-9474-1A3956D46DE8}") = "tests", "tests", "{205BDFAE-C953-4CF7-B2AE-8F4D77A4D4E7}"
EndProject
Project("{FAE04EC0-301F-11D3-BF4B-00C04F79EFBC}") = "Enma.Analytics.Persistence.Mongo", "services\analytics\src\Enma.Analytics.Persistence.Mongo\Enma.Analytics.Persistence.Mongo.csproj", "{4C862FC5-31A6-4A39-9401-7DDD7BB4574E}"
EndProject
Project("{FAE04EC0-301F-11D3-BF4B-00C04F79EFBC}") = "Enma.Analytics.Application", "services\analytics\src\Enma.Analytics.Application\Enma.Analytics.Application.csproj", "{AE0AFB94-F73F-44B8-A933-81D9105D901B}"
EndProject
Project("{FAE04EC0-301F-11D3-BF4B-00C04F79EFBC}") = "Enma.Auth.Persistence.Postgres", "services\auth\src\Enma.Auth.Persistence.Postgres\Enma.Auth.Persistence.Postgres.csproj", "{9EB25433-C3F0-4233-B0E5-F61CAB531826}"
EndProject
Project("{FAE04EC0-301F-11D3-BF4B-00C04F79EFBC}") = "Enma.Auth.Application", "services\auth\src\Enma.Auth.Application\Enma.Auth.Application.csproj", "{9785B74D-65B2-48BE-9BEB-B7D59F0F9DE8}"
EndProject
Project("{FAE04EC0-301F-11D3-BF4B-00C04F79EFBC}") = "Enma.BucketBuilder.Persistence.ClickHouse", "services\bucket-builder\src\Enma.BucketBuilder.Persistence.ClickHouse\Enma.BucketBuilder.Persistence.ClickHouse.csproj", "{51FFD6A0-6003-45CD-85EF-4ED6FB518C02}"
EndProject
Project("{FAE04EC0-301F-11D3-BF4B-00C04F79EFBC}") = "Enma.BucketBuilder.Persistence.Mongo", "services\bucket-builder\src\Enma.BucketBuilder.Persistence.Mongo\Enma.BucketBuilder.Persistence.Mongo.csproj", "{5A918872-CCF2-436C-B6F3-49EB864C9255}"
EndProject
Project("{FAE04EC0-301F-11D3-BF4B-00C04F79EFBC}") = "Enma.BucketBuilder.Application", "services\bucket-builder\src\Enma.BucketBuilder.Application\Enma.BucketBuilder.Application.csproj", "{22658F44-CD1F-489B-BB0C-F802DE6CA0CE}"
EndProject
Project("{2150E333-8FDC-42A3-9474-1A3956D46DE8}") = "src", "src", "{B116B1A8-AB2F-4585-B101-9B6515ED0669}"
EndProject
Project("{2150E333-8FDC-42A3-9474-1A3956D46DE8}") = "tests", "tests", "{2B75C9EB-3C87-46C7-A9AB-0E86EE927FA1}"
EndProject
Project("{FAE04EC0-301F-11D3-BF4B-00C04F79EFBC}") = "Enma.EventProcessor.Persistence.ClickHouse", "services\event-processor\src\Enma.EventProcessor.Persistence.ClickHouse\Enma.EventProcessor.Persistence.ClickHouse.csproj", "{3112970B-D819-49AA-8A55-7A3C16D01B54}"
EndProject
Project("{FAE04EC0-301F-11D3-BF4B-00C04F79EFBC}") = "Enma.EventProcessor.Infrastructure.RabbitMq", "services\event-processor\src\Enma.EventProcessor.Infrastructure.RabbitMq\Enma.EventProcessor.Infrastructure.RabbitMq.csproj", "{273FA69F-931B-4211-880E-C45FCD433D5D}"
EndProject
Project("{FAE04EC0-301F-11D3-BF4B-00C04F79EFBC}") = "Enma.EventProcessor.Application", "services\event-processor\src\Enma.EventProcessor.Application\Enma.EventProcessor.Application.csproj", "{D0FE72B4-30CE-40D1-8AF4-43DBAB6328D7}"
EndProject
Project("{FAE04EC0-301F-11D3-BF4B-00C04F79EFBC}") = "Enma.Ingest.Application", "services\ingest\src\Enma.Ingest.Application\Enma.Ingest.Application.csproj", "{31655034-6059-42E9-ADCB-A6CCEB18DB8C}"
EndProject
Project("{FAE04EC0-301F-11D3-BF4B-00C04F79EFBC}") = "Enma.Ingest.Infrastructure.RabbitMq", "services\ingest\src\Enma.Ingest.Infrastructure.RabbitMq\Enma.Ingest.Infrastructure.RabbitMq.csproj", "{9C09148C-DB79-4F72-98D7-B9D7D0FA0D6D}"
EndProject
Project("{FAE04EC0-301F-11D3-BF4B-00C04F79EFBC}") = "Enma.Admin.Application", "services\admin\src\Enma.Admin.Application\Enma.Admin.Application.csproj", "{914EF08F-3968-4A3A-8AAE-35E07EDDC3A6}"
EndProject
Project("{FAE04EC0-301F-11D3-BF4B-00C04F79EFBC}") = "Enma.Admin.Persistence.Postgres", "services\admin\src\Enma.Admin.Persistence.Postgres\Enma.Admin.Persistence.Postgres.csproj", "{7E6B2003-0AE7-4EB1-8113-60CC022C8E86}"
EndProject
Project("{FAE04EC0-301F-11D3-BF4B-00C04F79EFBC}") = "Enma.Common", "shared\src\Enma.Common\Enma.Common.csproj", "{9A15F6FA-F6A5-4CA1-AA15-FD9826A248A7}"
EndProject
Project("{2150E333-8FDC-42A3-9474-1A3956D46DE8}") = "src", "src", "{56AA2B56-7631-4200-B373-35B023A5B422}"
EndProject
Project("{FAE04EC0-301F-11D3-BF4B-00C04F79EFBC}") = "Enma.ApiGateway.Sdk.Api", "services\api-gateway\src\Enma.ApiGateway.Sdk.Api\Enma.ApiGateway.Sdk.Api.csproj", "{9FFDFF74-21BE-4A72-8619-C58CF096D17B}"
EndProject
Project("{FAE04EC0-301F-11D3-BF4B-00C04F79EFBC}") = "Enma.Api.Shared", "shared\src\Enma.Api.Shared\Enma.Api.Shared.csproj", "{DB6E0A33-2D90-47C6-B0EE-CFE6CF3AC027}"
EndProject
Global
	GlobalSection(SolutionConfigurationPlatforms) = preSolution
		Debug|Any CPU = Debug|Any CPU
		Release|Any CPU = Release|Any CPU
	EndGlobalSection
	GlobalSection(ProjectConfigurationPlatforms) = postSolution
		{660470B1-ED67-4A17-8F6B-C073FA2F300F}.Debug|Any CPU.ActiveCfg = Debug|Any CPU
		{660470B1-ED67-4A17-8F6B-C073FA2F300F}.Debug|Any CPU.Build.0 = Debug|Any CPU
		{660470B1-ED67-4A17-8F6B-C073FA2F300F}.Release|Any CPU.ActiveCfg = Release|Any CPU
		{660470B1-ED67-4A17-8F6B-C073FA2F300F}.Release|Any CPU.Build.0 = Release|Any CPU
		{4B82B46C-4694-4F5F-81AD-01BA2E5D6914}.Debug|Any CPU.ActiveCfg = Debug|Any CPU
		{4B82B46C-4694-4F5F-81AD-01BA2E5D6914}.Debug|Any CPU.Build.0 = Debug|Any CPU
		{4B82B46C-4694-4F5F-81AD-01BA2E5D6914}.Release|Any CPU.ActiveCfg = Release|Any CPU
		{4B82B46C-4694-4F5F-81AD-01BA2E5D6914}.Release|Any CPU.Build.0 = Release|Any CPU
		{3F2DB3B3-1D9B-4FCA-9E50-86DFD49D9B25}.Debug|Any CPU.ActiveCfg = Debug|Any CPU
		{3F2DB3B3-1D9B-4FCA-9E50-86DFD49D9B25}.Debug|Any CPU.Build.0 = Debug|Any CPU
		{3F2DB3B3-1D9B-4FCA-9E50-86DFD49D9B25}.Release|Any CPU.ActiveCfg = Release|Any CPU
		{3F2DB3B3-1D9B-4FCA-9E50-86DFD49D9B25}.Release|Any CPU.Build.0 = Release|Any CPU
		{F71F7B87-61D9-47E7-A149-A70E19246F19}.Debug|Any CPU.ActiveCfg = Debug|Any CPU
		{F71F7B87-61D9-47E7-A149-A70E19246F19}.Debug|Any CPU.Build.0 = Debug|Any CPU
		{F71F7B87-61D9-47E7-A149-A70E19246F19}.Release|Any CPU.ActiveCfg = Release|Any CPU
		{F71F7B87-61D9-47E7-A149-A70E19246F19}.Release|Any CPU.Build.0 = Release|Any CPU
		{BB96F584-19E3-425C-A7CF-AF5B4C63A420}.Debug|Any CPU.ActiveCfg = Debug|Any CPU
		{BB96F584-19E3-425C-A7CF-AF5B4C63A420}.Debug|Any CPU.Build.0 = Debug|Any CPU
		{BB96F584-19E3-425C-A7CF-AF5B4C63A420}.Release|Any CPU.ActiveCfg = Release|Any CPU
		{BB96F584-19E3-425C-A7CF-AF5B4C63A420}.Release|Any CPU.Build.0 = Release|Any CPU
		{C2AE564D-F748-4C5C-9361-0CD38C9C8B37}.Debug|Any CPU.ActiveCfg = Debug|Any CPU
		{C2AE564D-F748-4C5C-9361-0CD38C9C8B37}.Debug|Any CPU.Build.0 = Debug|Any CPU
		{C2AE564D-F748-4C5C-9361-0CD38C9C8B37}.Release|Any CPU.ActiveCfg = Release|Any CPU
		{C2AE564D-F748-4C5C-9361-0CD38C9C8B37}.Release|Any CPU.Build.0 = Release|Any CPU
		{5DA6F2EA-7293-49E1-B021-76499776BF23}.Debug|Any CPU.ActiveCfg = Debug|Any CPU
		{5DA6F2EA-7293-49E1-B021-76499776BF23}.Debug|Any CPU.Build.0 = Debug|Any CPU
		{5DA6F2EA-7293-49E1-B021-76499776BF23}.Release|Any CPU.ActiveCfg = Release|Any CPU
		{5DA6F2EA-7293-49E1-B021-76499776BF23}.Release|Any CPU.Build.0 = Release|Any CPU
		{1F7685E9-A687-46ED-87CC-CBE1F55B8FB4}.Debug|Any CPU.ActiveCfg = Debug|Any CPU
		{1F7685E9-A687-46ED-87CC-CBE1F55B8FB4}.Debug|Any CPU.Build.0 = Debug|Any CPU
		{1F7685E9-A687-46ED-87CC-CBE1F55B8FB4}.Release|Any CPU.ActiveCfg = Release|Any CPU
		{1F7685E9-A687-46ED-87CC-CBE1F55B8FB4}.Release|Any CPU.Build.0 = Release|Any CPU
		{4C862FC5-31A6-4A39-9401-7DDD7BB4574E}.Debug|Any CPU.ActiveCfg = Debug|Any CPU
		{4C862FC5-31A6-4A39-9401-7DDD7BB4574E}.Debug|Any CPU.Build.0 = Debug|Any CPU
		{4C862FC5-31A6-4A39-9401-7DDD7BB4574E}.Release|Any CPU.ActiveCfg = Release|Any CPU
		{4C862FC5-31A6-4A39-9401-7DDD7BB4574E}.Release|Any CPU.Build.0 = Release|Any CPU
		{AE0AFB94-F73F-44B8-A933-81D9105D901B}.Debug|Any CPU.ActiveCfg = Debug|Any CPU
		{AE0AFB94-F73F-44B8-A933-81D9105D901B}.Debug|Any CPU.Build.0 = Debug|Any CPU
		{AE0AFB94-F73F-44B8-A933-81D9105D901B}.Release|Any CPU.ActiveCfg = Release|Any CPU
		{AE0AFB94-F73F-44B8-A933-81D9105D901B}.Release|Any CPU.Build.0 = Release|Any CPU
		{9EB25433-C3F0-4233-B0E5-F61CAB531826}.Debug|Any CPU.ActiveCfg = Debug|Any CPU
		{9EB25433-C3F0-4233-B0E5-F61CAB531826}.Debug|Any CPU.Build.0 = Debug|Any CPU
		{9EB25433-C3F0-4233-B0E5-F61CAB531826}.Release|Any CPU.ActiveCfg = Release|Any CPU
		{9EB25433-C3F0-4233-B0E5-F61CAB531826}.Release|Any CPU.Build.0 = Release|Any CPU
		{9785B74D-65B2-48BE-9BEB-B7D59F0F9DE8}.Debug|Any CPU.ActiveCfg = Debug|Any CPU
		{9785B74D-65B2-48BE-9BEB-B7D59F0F9DE8}.Debug|Any CPU.Build.0 = Debug|Any CPU
		{9785B74D-65B2-48BE-9BEB-B7D59F0F9DE8}.Release|Any CPU.ActiveCfg = Release|Any CPU
		{9785B74D-65B2-48BE-9BEB-B7D59F0F9DE8}.Release|Any CPU.Build.0 = Release|Any CPU
		{51FFD6A0-6003-45CD-85EF-4ED6FB518C02}.Debug|Any CPU.ActiveCfg = Debug|Any CPU
		{51FFD6A0-6003-45CD-85EF-4ED6FB518C02}.Debug|Any CPU.Build.0 = Debug|Any CPU
		{51FFD6A0-6003-45CD-85EF-4ED6FB518C02}.Release|Any CPU.ActiveCfg = Release|Any CPU
		{51FFD6A0-6003-45CD-85EF-4ED6FB518C02}.Release|Any CPU.Build.0 = Release|Any CPU
		{5A918872-CCF2-436C-B6F3-49EB864C9255}.Debug|Any CPU.ActiveCfg = Debug|Any CPU
		{5A918872-CCF2-436C-B6F3-49EB864C9255}.Debug|Any CPU.Build.0 = Debug|Any CPU
		{5A918872-CCF2-436C-B6F3-49EB864C9255}.Release|Any CPU.ActiveCfg = Release|Any CPU
		{5A918872-CCF2-436C-B6F3-49EB864C9255}.Release|Any CPU.Build.0 = Release|Any CPU
		{22658F44-CD1F-489B-BB0C-F802DE6CA0CE}.Debug|Any CPU.ActiveCfg = Debug|Any CPU
		{22658F44-CD1F-489B-BB0C-F802DE6CA0CE}.Debug|Any CPU.Build.0 = Debug|Any CPU
		{22658F44-CD1F-489B-BB0C-F802DE6CA0CE}.Release|Any CPU.ActiveCfg = Release|Any CPU
		{22658F44-CD1F-489B-BB0C-F802DE6CA0CE}.Release|Any CPU.Build.0 = Release|Any CPU
		{3112970B-D819-49AA-8A55-7A3C16D01B54}.Debug|Any CPU.ActiveCfg = Debug|Any CPU
		{3112970B-D819-49AA-8A55-7A3C16D01B54}.Debug|Any CPU.Build.0 = Debug|Any CPU
		{3112970B-D819-49AA-8A55-7A3C16D01B54}.Release|Any CPU.ActiveCfg = Release|Any CPU
		{3112970B-D819-49AA-8A55-7A3C16D01B54}.Release|Any CPU.Build.0 = Release|Any CPU
		{273FA69F-931B-4211-880E-C45FCD433D5D}.Debug|Any CPU.ActiveCfg = Debug|Any CPU
		{273FA69F-931B-4211-880E-C45FCD433D5D}.Debug|Any CPU.Build.0 = Debug|Any CPU
		{273FA69F-931B-4211-880E-C45FCD433D5D}.Release|Any CPU.ActiveCfg = Release|Any CPU
		{273FA69F-931B-4211-880E-C45FCD433D5D}.Release|Any CPU.Build.0 = Release|Any CPU
		{D0FE72B4-30CE-40D1-8AF4-43DBAB6328D7}.Debug|Any CPU.ActiveCfg = Debug|Any CPU
		{D0FE72B4-30CE-40D1-8AF4-43DBAB6328D7}.Debug|Any CPU.Build.0 = Debug|Any CPU
		{D0FE72B4-30CE-40D1-8AF4-43DBAB6328D7}.Release|Any CPU.ActiveCfg = Release|Any CPU
		{D0FE72B4-30CE-40D1-8AF4-43DBAB6328D7}.Release|Any CPU.Build.0 = Release|Any CPU
		{31655034-6059-42E9-ADCB-A6CCEB18DB8C}.Debug|Any CPU.ActiveCfg = Debug|Any CPU
		{31655034-6059-42E9-ADCB-A6CCEB18DB8C}.Debug|Any CPU.Build.0 = Debug|Any CPU
		{31655034-6059-42E9-ADCB-A6CCEB18DB8C}.Release|Any CPU.ActiveCfg = Release|Any CPU
		{31655034-6059-42E9-ADCB-A6CCEB18DB8C}.Release|Any CPU.Build.0 = Release|Any CPU
		{9C09148C-DB79-4F72-98D7-B9D7D0FA0D6D}.Debug|Any CPU.ActiveCfg = Debug|Any CPU
		{9C09148C-DB79-4F72-98D7-B9D7D0FA0D6D}.Debug|Any CPU.Build.0 = Debug|Any CPU
		{9C09148C-DB79-4F72-98D7-B9D7D0FA0D6D}.Release|Any CPU.ActiveCfg = Release|Any CPU
		{9C09148C-DB79-4F72-98D7-B9D7D0FA0D6D}.Release|Any CPU.Build.0 = Release|Any CPU
		{914EF08F-3968-4A3A-8AAE-35E07EDDC3A6}.Debug|Any CPU.ActiveCfg = Debug|Any CPU
		{914EF08F-3968-4A3A-8AAE-35E07EDDC3A6}.Debug|Any CPU.Build.0 = Debug|Any CPU
		{914EF08F-3968-4A3A-8AAE-35E07EDDC3A6}.Release|Any CPU.ActiveCfg = Release|Any CPU
		{914EF08F-3968-4A3A-8AAE-35E07EDDC3A6}.Release|Any CPU.Build.0 = Release|Any CPU
		{7E6B2003-0AE7-4EB1-8113-60CC022C8E86}.Debug|Any CPU.ActiveCfg = Debug|Any CPU
		{7E6B2003-0AE7-4EB1-8113-60CC022C8E86}.Debug|Any CPU.Build.0 = Debug|Any CPU
		{7E6B2003-0AE7-4EB1-8113-60CC022C8E86}.Release|Any CPU.ActiveCfg = Release|Any CPU
		{7E6B2003-0AE7-4EB1-8113-60CC022C8E86}.Release|Any CPU.Build.0 = Release|Any CPU
		{9A15F6FA-F6A5-4CA1-AA15-FD9826A248A7}.Debug|Any CPU.ActiveCfg = Debug|Any CPU
		{9A15F6FA-F6A5-4CA1-AA15-FD9826A248A7}.Debug|Any CPU.Build.0 = Debug|Any CPU
		{9A15F6FA-F6A5-4CA1-AA15-FD9826A248A7}.Release|Any CPU.ActiveCfg = Release|Any CPU
		{9A15F6FA-F6A5-4CA1-AA15-FD9826A248A7}.Release|Any CPU.Build.0 = Release|Any CPU
		{9FFDFF74-21BE-4A72-8619-C58CF096D17B}.Debug|Any CPU.ActiveCfg = Debug|Any CPU
		{9FFDFF74-21BE-4A72-8619-C58CF096D17B}.Debug|Any CPU.Build.0 = Debug|Any CPU
		{9FFDFF74-21BE-4A72-8619-C58CF096D17B}.Release|Any CPU.ActiveCfg = Release|Any CPU
		{9FFDFF74-21BE-4A72-8619-C58CF096D17B}.Release|Any CPU.Build.0 = Release|Any CPU
		{DB6E0A33-2D90-47C6-B0EE-CFE6CF3AC027}.Debug|Any CPU.ActiveCfg = Debug|Any CPU
		{DB6E0A33-2D90-47C6-B0EE-CFE6CF3AC027}.Debug|Any CPU.Build.0 = Debug|Any CPU
		{DB6E0A33-2D90-47C6-B0EE-CFE6CF3AC027}.Release|Any CPU.ActiveCfg = Release|Any CPU
		{DB6E0A33-2D90-47C6-B0EE-CFE6CF3AC027}.Release|Any CPU.Build.0 = Release|Any CPU
	EndGlobalSection
	GlobalSection(NestedProjects) = preSolution
		{3F2DB3B3-1D9B-4FCA-9E50-86DFD49D9B25} = {8DC217B0-CBCE-4CA9-8A9A-DB7DE1F7DD00}
		{CC39ADDE-6F94-4BA6-AE15-1757ACADB5B0} = {8DC217B0-CBCE-4CA9-8A9A-DB7DE1F7DD00}
		{E9B3A986-FCC2-405A-A573-7E714FD46853} = {8DC217B0-CBCE-4CA9-8A9A-DB7DE1F7DD00}
		{FDB3E743-D854-47C7-B06F-F87A21385F49} = {8DC217B0-CBCE-4CA9-8A9A-DB7DE1F7DD00}
		{4AA0FE67-55EB-4DA5-B2CF-0288A8142170} = {8DC217B0-CBCE-4CA9-8A9A-DB7DE1F7DD00}
		{CCDCED60-1450-4CE1-AA05-15B80DBA089A} = {8DC217B0-CBCE-4CA9-8A9A-DB7DE1F7DD00}
		{6CC12BFC-E76F-4E09-AFF2-FAE0FC9C6B16} = {8DC217B0-CBCE-4CA9-8A9A-DB7DE1F7DD00}
		{AA82AC43-2F63-4B87-9DB9-24FCFEAFB669} = {8DC217B0-CBCE-4CA9-8A9A-DB7DE1F7DD00}
		{222FE3D1-FBA7-444F-91DB-103A9BA7DFF0} = {CC39ADDE-6F94-4BA6-AE15-1757ACADB5B0}
		{4B82B46C-4694-4F5F-81AD-01BA2E5D6914} = {222FE3D1-FBA7-444F-91DB-103A9BA7DFF0}
		{6CDBD3EF-861D-4005-8A9E-C8552B57F679} = {CC39ADDE-6F94-4BA6-AE15-1757ACADB5B0}
		{3EE4E20C-746B-4578-873E-978669F34AD9} = {FDB3E743-D854-47C7-B06F-F87A21385F49}
		{F71F7B87-61D9-47E7-A149-A70E19246F19} = {3EE4E20C-746B-4578-873E-978669F34AD9}
		{A0105131-F66F-438E-B467-88062E90B15C} = {FDB3E743-D854-47C7-B06F-F87A21385F49}
		{93187F8B-8804-4FD0-AE61-B9ACA16C5E7E} = {E9B3A986-FCC2-405A-A573-7E714FD46853}
		{660470B1-ED67-4A17-8F6B-C073FA2F300F} = {93187F8B-8804-4FD0-AE61-B9ACA16C5E7E}
		{30B08205-CCD5-46ED-85B2-F601668D2B17} = {E9B3A986-FCC2-405A-A573-7E714FD46853}
		{2ACD2978-8C2C-4DA1-8BB6-200380C68218} = {6CC12BFC-E76F-4E09-AFF2-FAE0FC9C6B16}
		{5DA6F2EA-7293-49E1-B021-76499776BF23} = {2ACD2978-8C2C-4DA1-8BB6-200380C68218}
		{77E244C0-A0D9-43EE-BA8E-17B18AA2D542} = {6CC12BFC-E76F-4E09-AFF2-FAE0FC9C6B16}
		{F4848252-C293-41A6-9848-1D48A8CC9D37} = {4AA0FE67-55EB-4DA5-B2CF-0288A8142170}
		{BB96F584-19E3-425C-A7CF-AF5B4C63A420} = {F4848252-C293-41A6-9848-1D48A8CC9D37}
		{A2780F49-D2A7-4DCD-A969-C9A1F3A948CE} = {4AA0FE67-55EB-4DA5-B2CF-0288A8142170}
		{6502BCB5-65FD-4C6C-9DBE-C616D5162D2F} = {CCDCED60-1450-4CE1-AA05-15B80DBA089A}
		{C2AE564D-F748-4C5C-9361-0CD38C9C8B37} = {6502BCB5-65FD-4C6C-9DBE-C616D5162D2F}
		{205BDFAE-C953-4CF7-B2AE-8F4D77A4D4E7} = {CCDCED60-1450-4CE1-AA05-15B80DBA089A}
		{4C862FC5-31A6-4A39-9401-7DDD7BB4574E} = {222FE3D1-FBA7-444F-91DB-103A9BA7DFF0}
		{AE0AFB94-F73F-44B8-A933-81D9105D901B} = {222FE3D1-FBA7-444F-91DB-103A9BA7DFF0}
		{9EB25433-C3F0-4233-B0E5-F61CAB531826} = {93187F8B-8804-4FD0-AE61-B9ACA16C5E7E}
		{9785B74D-65B2-48BE-9BEB-B7D59F0F9DE8} = {93187F8B-8804-4FD0-AE61-B9ACA16C5E7E}
		{51FFD6A0-6003-45CD-85EF-4ED6FB518C02} = {2ACD2978-8C2C-4DA1-8BB6-200380C68218}
		{5A918872-CCF2-436C-B6F3-49EB864C9255} = {2ACD2978-8C2C-4DA1-8BB6-200380C68218}
		{22658F44-CD1F-489B-BB0C-F802DE6CA0CE} = {2ACD2978-8C2C-4DA1-8BB6-200380C68218}
		{B116B1A8-AB2F-4585-B101-9B6515ED0669} = {AA82AC43-2F63-4B87-9DB9-24FCFEAFB669}
		{1F7685E9-A687-46ED-87CC-CBE1F55B8FB4} = {B116B1A8-AB2F-4585-B101-9B6515ED0669}
		{2B75C9EB-3C87-46C7-A9AB-0E86EE927FA1} = {AA82AC43-2F63-4B87-9DB9-24FCFEAFB669}
		{3112970B-D819-49AA-8A55-7A3C16D01B54} = {B116B1A8-AB2F-4585-B101-9B6515ED0669}
		{273FA69F-931B-4211-880E-C45FCD433D5D} = {B116B1A8-AB2F-4585-B101-9B6515ED0669}
		{D0FE72B4-30CE-40D1-8AF4-43DBAB6328D7} = {B116B1A8-AB2F-4585-B101-9B6515ED0669}
		{31655034-6059-42E9-ADCB-A6CCEB18DB8C} = {F4848252-C293-41A6-9848-1D48A8CC9D37}
		{9C09148C-DB79-4F72-98D7-B9D7D0FA0D6D} = {F4848252-C293-41A6-9848-1D48A8CC9D37}
		{914EF08F-3968-4A3A-8AAE-35E07EDDC3A6} = {6502BCB5-65FD-4C6C-9DBE-C616D5162D2F}
		{7E6B2003-0AE7-4EB1-8113-60CC022C8E86} = {6502BCB5-65FD-4C6C-9DBE-C616D5162D2F}
		{56AA2B56-7631-4200-B373-35B023A5B422} = {9944CECE-7222-4BAE-9E1B-DB87B8B3B44C}
		{9A15F6FA-F6A5-4CA1-AA15-FD9826A248A7} = {56AA2B56-7631-4200-B373-35B023A5B422}
		{9FFDFF74-21BE-4A72-8619-C58CF096D17B} = {3EE4E20C-746B-4578-873E-978669F34AD9}
		{DB6E0A33-2D90-47C6-B0EE-CFE6CF3AC027} = {56AA2B56-7631-4200-B373-35B023A5B422}
	EndGlobalSection
EndGlobal
